
Microsoft Visual Studio Solution File, Format Version 12.00
# Visual Studio Version 17
VisualStudioVersion = 17.7.34221.43
MinimumVisualStudioVersion = 10.0.40219.1
Project("{FAE04EC0-301F-11D3-BF4B-00C04F79EFBC}") = "JWT Auth", "JWT Auth\JWT Auth.csproj", "{05BCCC67-93BE-4F9D-8B74-2C75CEBA61F7}"
EndProject
Global
	GlobalSection(SolutionConfigurationPlatforms) = preSolution
		Debug|Any CPU = Debug|Any CPU
		Release|Any CPU = Release|Any CPU
	EndGlobalSection
	GlobalSection(ProjectConfigurationPlatforms) = postSolution
		{05BCCC67-93BE-4F9D-8B74-2C75CEBA61F7}.Debug|Any CPU.ActiveCfg = Debug|Any CPU
		{05BCCC67-93BE-4F9D-8B74-2C75CEBA61F7}.Debug|Any CPU.Build.0 = Debug|Any CPU
		{05BCCC67-93BE-4F9D-8B74-2C75CEBA61F7}.Release|Any CPU.ActiveCfg = Release|Any CPU
		{05BCCC67-93BE-4F9D-8B74-2C75CEBA61F7}.Release|Any CPU.Build.0 = Release|Any CPU
	EndGlobalSection
	GlobalSection(SolutionProperties) = preSolution
		HideSolutionNode = FALSE
	EndGlobalSection
	GlobalSection(ExtensibilityGlobals) = postSolution
		SolutionGuid = {E8D70CF5-C989-4A7E-8435-A974EEF1D9E4}
	EndGlobalSection
EndGlobal
